
Microsoft Visual Studio Solution File, Format Version 12.00
# Visual Studio Version 17
VisualStudioVersion = 17.2.32616.157
MinimumVisualStudioVersion = 10.0.40219.1
Project("{8BC9CEB8-8B4A-11D0-8D11-00A0C91BC942}") = "Client01", "Client01.vcxproj", "{F2CDCE4C-71B4-4DCA-A906-9BB1491A152C}"
EndProject
Global
	GlobalSection(SolutionConfigurationPlatforms) = preSolution
		Debug|Any CPU = Debug|Any CPU
		Debug|x64 = Debug|x64
		Debug|x86 = Debug|x86
		Release|Any CPU = Release|Any CPU
		Release|x64 = Release|x64
		Release|x86 = Release|x86
	EndGlobalSection
	GlobalSection(ProjectConfigurationPlatforms) = postSolution
		{F2CDCE4C-71B4-4DCA-A906-9BB1491A152C}.Debug|Any CPU.ActiveCfg = Debug|Win32
		{F2CDCE4C-71B4-4DCA-A906-9BB1491A152C}.Debug|x64.ActiveCfg = Debug|x64
		{F2CDCE4C-71B4-4DCA-A906-9BB1491A152C}.Debug|x64.Build.0 = Debug|x64
		{F2CDCE4C-71B4-4DCA-A906-9BB1491A152C}.Debug|x86.ActiveCfg = Debug|Win32
		{F2CDCE4C-71B4-4DCA-A906-9BB1491A152C}.Debug|x86.Build.0 = Debug|Win32
		{F2CDCE4C-71B4-4DCA-A906-9BB1491A152C}.Release|Any CPU.ActiveCfg = Release|Win32
		{F2CDCE4C-71B4-4DCA-A906-9BB1491A152C}.Release|x64.ActiveCfg = Release|x64
		{F2CDCE4C-71B4-4DCA-A906-9BB1491A152C}.Release|x64.Build.0 = Release|x64
		{F2CDCE4C-71B4-4DCA-A906-9BB1491A152C}.Release|x86.ActiveCfg = Release|Win32
		{F2CDCE4C-71B4-4DCA-A906-9BB1491A152C}.Release|x86.Build.0 = Release|Win32
	EndGlobalSection
	GlobalSection(SolutionProperties) = preSolution
		HideSolutionNode = FALSE
	EndGlobalSection
	GlobalSection(ExtensibilityGlobals) = postSolution
		SolutionGuid = {B67D2D60-0BCA-45A7-B6FE-3EB07E32B02D}
	EndGlobalSection
EndGlobal
